
Microsoft Visual Studio Solution File, Format Version 12.00
# Visual Studio Version 17
VisualStudioVersion = 17.0.32014.148
MinimumVisualStudioVersion = 10.0.40219.1
Project("{FAE04EC0-301F-11D3-BF4B-00C04F79EFBC}") = "BethanysPieShop", "BethanysPieShop\BethanysPieShop.csproj", "{D83C1E34-39D6-4B66-A03E-769F66CA44A1}"
EndProject
Global
	GlobalSection(SolutionConfigurationPlatforms) = preSolution
		Debug|Any CPU = Debug|Any CPU
		Release|Any CPU = Release|Any CPU
	EndGlobalSection
	GlobalSection(ProjectConfigurationPlatforms) = postSolution
		{D83C1E34-39D6-4B66-A03E-769F66CA44A1}.Debug|Any CPU.ActiveCfg = Debug|Any CPU
		{D83C1E34-39D6-4B66-A03E-769F66CA44A1}.Debug|Any CPU.Build.0 = Debug|Any CPU
		{D83C1E34-39D6-4B66-A03E-769F66CA44A1}.Release|Any CPU.ActiveCfg = Release|Any CPU
		{D83C1E34-39D6-4B66-A03E-769F66CA44A1}.Release|Any CPU.Build.0 = Release|Any CPU
	EndGlobalSection
	GlobalSection(SolutionProperties) = preSolution
		HideSolutionNode = FALSE
	EndGlobalSection
	GlobalSection(ExtensibilityGlobals) = postSolution
		SolutionGuid = {9C6F1FCE-7EC0-4E13-9DF7-02C49E8F777B}
	EndGlobalSection
EndGlobal
